
Microsoft Visual Studio Solution File, Format Version 12.00
# Visual Studio 15
VisualStudioVersion = 15.0.27130.2010
MinimumVisualStudioVersion = 10.0.40219.1
Project("{9A19103F-16F7-4668-BE54-9A1E7A4F7556}") = "Todo.Api", "Todo.Api\Todo.Api.csproj", "{DA73F2A5-20A5-4BF5-B2E1-7E0C5DA59BDB}"
EndProject
Project("{9A19103F-16F7-4668-BE54-9A1E7A4F7556}") = "Todo.Model", "Todo.Model\Todo.Model.csproj", "{9FE8DB23-5CE8-4EB7-9DD8-BF4592694B7D}"
EndProject
Project("{2150E333-8FDC-42A3-9474-1A3956D46DE8}") = "Solution Items", "Solution Items", "{0812F4AA-E674-4CE5-880C-E26A6F1AB43E}"
	ProjectSection(SolutionItems) = preProject
		Solution Items\GoodData.csv = Solution Items\GoodData.csv
		Solution Items\proxies.json = Solution Items\proxies.json
	EndProjectSection
EndProject
Project("{9A19103F-16F7-4668-BE54-9A1E7A4F7556}") = "Todo.Repository", "Todo.Repository\Todo.Repository.csproj", "{F48AD11A-259C-4742-8DF3-26B0A8262CD2}"
EndProject
Project("{9A19103F-16F7-4668-BE54-9A1E7A4F7556}") = "Todo.Core", "Todo.Core\Todo.Core.csproj", "{7A15A104-3B7A-4BAF-9BA2-D1DAFBA4CEF7}"
EndProject
Project("{9A19103F-16F7-4668-BE54-9A1E7A4F7556}") = "Todo.UnitTest", "Todo.UnitTest\Todo.UnitTest.csproj", "{9E6F06ED-831F-4E93-B961-9297C7D4C915}"
EndProject
Project("{9A19103F-16F7-4668-BE54-9A1E7A4F7556}") = "Todo.FunctionApp.PostTodo", "Todo.FunctionApp.PostTodo\Todo.FunctionApp.PostTodo.csproj", "{AEE6A984-66D8-467C-AA97-1A4254B60C65}"
EndProject
Project("{9A19103F-16F7-4668-BE54-9A1E7A4F7556}") = "Todo.FunctionApp.CsvFileProcess", "Todo.FunctionApp.CsvFileProcess\Todo.FunctionApp.CsvFileProcess.csproj", "{6B9C4F88-CC9C-466E-B9DE-A1E290F125A6}"
EndProject
Project("{9A19103F-16F7-4668-BE54-9A1E7A4F7556}") = "Todo.App", "Todo.App\Todo.App.csproj", "{C3C36F69-EE2D-4EB7-869D-AA566AFDCC15}"
EndProject
Project("{9A19103F-16F7-4668-BE54-9A1E7A4F7556}") = "Todo.FunctionApp.SendEmail", "Todo.FunctionApp.SendEmail\Todo.FunctionApp.SendEmail.csproj", "{C4B31301-2A0A-4E20-AB07-9937EAB8B061}"
EndProject
Global
	GlobalSection(SolutionConfigurationPlatforms) = preSolution
		Debug|Any CPU = Debug|Any CPU
		Release|Any CPU = Release|Any CPU
	EndGlobalSection
	GlobalSection(ProjectConfigurationPlatforms) = postSolution
		{DA73F2A5-20A5-4BF5-B2E1-7E0C5DA59BDB}.Debug|Any CPU.ActiveCfg = Debug|Any CPU
		{DA73F2A5-20A5-4BF5-B2E1-7E0C5DA59BDB}.Debug|Any CPU.Build.0 = Debug|Any CPU
		{DA73F2A5-20A5-4BF5-B2E1-7E0C5DA59BDB}.Release|Any CPU.ActiveCfg = Release|Any CPU
		{DA73F2A5-20A5-4BF5-B2E1-7E0C5DA59BDB}.Release|Any CPU.Build.0 = Release|Any CPU
		{9FE8DB23-5CE8-4EB7-9DD8-BF4592694B7D}.Debug|Any CPU.ActiveCfg = Debug|Any CPU
		{9FE8DB23-5CE8-4EB7-9DD8-BF4592694B7D}.Debug|Any CPU.Build.0 = Debug|Any CPU
		{9FE8DB23-5CE8-4EB7-9DD8-BF4592694B7D}.Release|Any CPU.ActiveCfg = Release|Any CPU
		{9FE8DB23-5CE8-4EB7-9DD8-BF4592694B7D}.Release|Any CPU.Build.0 = Release|Any CPU
		{F48AD11A-259C-4742-8DF3-26B0A8262CD2}.Debug|Any CPU.ActiveCfg = Debug|Any CPU
		{F48AD11A-259C-4742-8DF3-26B0A8262CD2}.Debug|Any CPU.Build.0 = Debug|Any CPU
		{F48AD11A-259C-4742-8DF3-26B0A8262CD2}.Release|Any CPU.ActiveCfg = Release|Any CPU
		{F48AD11A-259C-4742-8DF3-26B0A8262CD2}.Release|Any CPU.Build.0 = Release|Any CPU
		{7A15A104-3B7A-4BAF-9BA2-D1DAFBA4CEF7}.Debug|Any CPU.ActiveCfg = Debug|Any CPU
		{7A15A104-3B7A-4BAF-9BA2-D1DAFBA4CEF7}.Debug|Any CPU.Build.0 = Debug|Any CPU
		{7A15A104-3B7A-4BAF-9BA2-D1DAFBA4CEF7}.Release|Any CPU.ActiveCfg = Release|Any CPU
		{7A15A104-3B7A-4BAF-9BA2-D1DAFBA4CEF7}.Release|Any CPU.Build.0 = Release|Any CPU
		{9E6F06ED-831F-4E93-B961-9297C7D4C915}.Debug|Any CPU.ActiveCfg = Debug|Any CPU
		{9E6F06ED-831F-4E93-B961-9297C7D4C915}.Debug|Any CPU.Build.0 = Debug|Any CPU
		{9E6F06ED-831F-4E93-B961-9297C7D4C915}.Release|Any CPU.ActiveCfg = Release|Any CPU
		{9E6F06ED-831F-4E93-B961-9297C7D4C915}.Release|Any CPU.Build.0 = Release|Any CPU
		{AEE6A984-66D8-467C-AA97-1A4254B60C65}.Debug|Any CPU.ActiveCfg = Debug|Any CPU
		{AEE6A984-66D8-467C-AA97-1A4254B60C65}.Debug|Any CPU.Build.0 = Debug|Any CPU
		{AEE6A984-66D8-467C-AA97-1A4254B60C65}.Release|Any CPU.ActiveCfg = Release|Any CPU
		{AEE6A984-66D8-467C-AA97-1A4254B60C65}.Release|Any CPU.Build.0 = Release|Any CPU
		{6B9C4F88-CC9C-466E-B9DE-A1E290F125A6}.Debug|Any CPU.ActiveCfg = Debug|Any CPU
		{6B9C4F88-CC9C-466E-B9DE-A1E290F125A6}.Debug|Any CPU.Build.0 = Debug|Any CPU
		{6B9C4F88-CC9C-466E-B9DE-A1E290F125A6}.Release|Any CPU.ActiveCfg = Release|Any CPU
		{6B9C4F88-CC9C-466E-B9DE-A1E290F125A6}.Release|Any CPU.Build.0 = Release|Any CPU
		{C3C36F69-EE2D-4EB7-869D-AA566AFDCC15}.Debug|Any CPU.ActiveCfg = Debug|Any CPU
		{C3C36F69-EE2D-4EB7-869D-AA566AFDCC15}.Debug|Any CPU.Build.0 = Debug|Any CPU
		{C3C36F69-EE2D-4EB7-869D-AA566AFDCC15}.Release|Any CPU.ActiveCfg = Release|Any CPU
		{C3C36F69-EE2D-4EB7-869D-AA566AFDCC15}.Release|Any CPU.Build.0 = Release|Any CPU
		{C4B31301-2A0A-4E20-AB07-9937EAB8B061}.Debug|Any CPU.ActiveCfg = Debug|Any CPU
		{C4B31301-2A0A-4E20-AB07-9937EAB8B061}.Debug|Any CPU.Build.0 = Debug|Any CPU
		{C4B31301-2A0A-4E20-AB07-9937EAB8B061}.Release|Any CPU.ActiveCfg = Release|Any CPU
		{C4B31301-2A0A-4E20-AB07-9937EAB8B061}.Release|Any CPU.Build.0 = Release|Any CPU
	EndGlobalSection
	GlobalSection(SolutionProperties) = preSolution
		HideSolutionNode = FALSE
	EndGlobalSection
	GlobalSection(ExtensibilityGlobals) = postSolution
		SolutionGuid = {43293A50-7A76-4F63-9C4E-DA4DCDD69515}
	EndGlobalSection
EndGlobal
